
Microsoft Visual Studio Solution File, Format Version 12.00
# Visual Studio Version 16
VisualStudioVersion = 16.0.30011.22
MinimumVisualStudioVersion = 10.0.40219.1
Project("{FAE04EC0-301F-11D3-BF4B-00C04F79EFBC}") = "Ex04.Menus.Delegates", "Ex04.Menus.Delegates\Ex04.Menus.Delegates.csproj", "{FD6CEE3F-7D99-4BAC-8DAF-279ABF20A62F}"
EndProject
Project("{FAE04EC0-301F-11D3-BF4B-00C04F79EFBC}") = "Ex04.Menus.Test", "Ex04.Menus.Test\Ex04.Menus.Test.csproj", "{E90304FC-F1E4-48F9-81E8-831A71BD0B51}"
EndProject
Project("{FAE04EC0-301F-11D3-BF4B-00C04F79EFBC}") = "Ex04.Menus.Interfaces", "Ex04.Menus.Interfaces\Ex04.Menus.Interfaces.csproj", "{0ACECCA2-878A-416F-AF0C-538937612C24}"
EndProject
Global
	GlobalSection(SolutionConfigurationPlatforms) = preSolution
		Debug|Any CPU = Debug|Any CPU
		Release|Any CPU = Release|Any CPU
	EndGlobalSection
	GlobalSection(ProjectConfigurationPlatforms) = postSolution
		{FD6CEE3F-7D99-4BAC-8DAF-279ABF20A62F}.Debug|Any CPU.ActiveCfg = Debug|Any CPU
		{FD6CEE3F-7D99-4BAC-8DAF-279ABF20A62F}.Debug|Any CPU.Build.0 = Debug|Any CPU
		{FD6CEE3F-7D99-4BAC-8DAF-279ABF20A62F}.Release|Any CPU.ActiveCfg = Release|Any CPU
		{FD6CEE3F-7D99-4BAC-8DAF-279ABF20A62F}.Release|Any CPU.Build.0 = Release|Any CPU
		{E90304FC-F1E4-48F9-81E8-831A71BD0B51}.Debug|Any CPU.ActiveCfg = Debug|Any CPU
		{E90304FC-F1E4-48F9-81E8-831A71BD0B51}.Debug|Any CPU.Build.0 = Debug|Any CPU
		{E90304FC-F1E4-48F9-81E8-831A71BD0B51}.Release|Any CPU.ActiveCfg = Release|Any CPU
		{E90304FC-F1E4-48F9-81E8-831A71BD0B51}.Release|Any CPU.Build.0 = Release|Any CPU
		{0ACECCA2-878A-416F-AF0C-538937612C24}.Debug|Any CPU.ActiveCfg = Debug|Any CPU
		{0ACECCA2-878A-416F-AF0C-538937612C24}.Debug|Any CPU.Build.0 = Debug|Any CPU
		{0ACECCA2-878A-416F-AF0C-538937612C24}.Release|Any CPU.ActiveCfg = Release|Any CPU
		{0ACECCA2-878A-416F-AF0C-538937612C24}.Release|Any CPU.Build.0 = Release|Any CPU
	EndGlobalSection
	GlobalSection(SolutionProperties) = preSolution
		HideSolutionNode = FALSE
	EndGlobalSection
	GlobalSection(ExtensibilityGlobals) = postSolution
		SolutionGuid = {A4043E2D-E641-4059-B732-53FA8401EC15}
	EndGlobalSection
EndGlobal
